
Microsoft Visual Studio Solution File, Format Version 12.00
# Visual Studio Version 17
VisualStudioVersion = 17.11.35327.3
MinimumVisualStudioVersion = 10.0.40219.1
Project("{54A90642-561A-4BB1-A94E-469ADEE60C69}") = "noodlesearch.client", "NoodleSearch.Client\noodlesearch.client.esproj", "{66577500-8258-43FA-AB0F-90E90CB694AE}"
EndProject
Global
	GlobalSection(SolutionConfigurationPlatforms) = preSolution
		Debug|Any CPU = Debug|Any CPU
		Release|Any CPU = Release|Any CPU
	EndGlobalSection
	GlobalSection(ProjectConfigurationPlatforms) = postSolution
		{66577500-8258-43FA-AB0F-90E90CB694AE}.Debug|Any CPU.ActiveCfg = Debug|Any CPU
		{66577500-8258-43FA-AB0F-90E90CB694AE}.Debug|Any CPU.Build.0 = Debug|Any CPU
		{66577500-8258-43FA-AB0F-90E90CB694AE}.Debug|Any CPU.Deploy.0 = Debug|Any CPU
		{66577500-8258-43FA-AB0F-90E90CB694AE}.Release|Any CPU.ActiveCfg = Release|Any CPU
		{66577500-8258-43FA-AB0F-90E90CB694AE}.Release|Any CPU.Build.0 = Release|Any CPU
		{66577500-8258-43FA-AB0F-90E90CB694AE}.Release|Any CPU.Deploy.0 = Release|Any CPU
	EndGlobalSection
	GlobalSection(SolutionProperties) = preSolution
		HideSolutionNode = FALSE
	EndGlobalSection
	GlobalSection(ExtensibilityGlobals) = postSolution
		SolutionGuid = {EFDCF4DD-6A6D-4538-ABD2-B7611051887C}
	EndGlobalSection
EndGlobal
